
Microsoft Visual Studio Solution File, Format Version 12.00
# Visual Studio 2013
VisualStudioVersion = 12.0.31101.0
MinimumVisualStudioVersion = 10.0.40219.1
Project("{FAE04EC0-301F-11D3-BF4B-00C04F79EFBC}") = "SampleMvcApplication", "SampleMvcApplication\SampleMvcApplication.csproj", "{7CABDD79-0436-4563-99FD-044D7501052A}"
EndProject
Project("{FAE04EC0-301F-11D3-BF4B-00C04F79EFBC}") = "SampleMvcApplication.Tests", "SampleMvcApplication.Tests\SampleMvcApplication.Tests.csproj", "{51857B72-4A79-49CD-817E-1EF4BB4CC004}"
EndProject
Global
	GlobalSection(SolutionConfigurationPlatforms) = preSolution
		Debug|Any CPU = Debug|Any CPU
		Release|Any CPU = Release|Any CPU
	EndGlobalSection
	GlobalSection(ProjectConfigurationPlatforms) = postSolution
		{7CABDD79-0436-4563-99FD-044D7501052A}.Debug|Any CPU.ActiveCfg = Debug|Any CPU
		{7CABDD79-0436-4563-99FD-044D7501052A}.Debug|Any CPU.Build.0 = Debug|Any CPU
		{7CABDD79-0436-4563-99FD-044D7501052A}.Release|Any CPU.ActiveCfg = Release|Any CPU
		{7CABDD79-0436-4563-99FD-044D7501052A}.Release|Any CPU.Build.0 = Release|Any CPU
		{51857B72-4A79-49CD-817E-1EF4BB4CC004}.Debug|Any CPU.ActiveCfg = Debug|Any CPU
		{51857B72-4A79-49CD-817E-1EF4BB4CC004}.Debug|Any CPU.Build.0 = Debug|Any CPU
		{51857B72-4A79-49CD-817E-1EF4BB4CC004}.Release|Any CPU.ActiveCfg = Release|Any CPU
		{51857B72-4A79-49CD-817E-1EF4BB4CC004}.Release|Any CPU.Build.0 = Release|Any CPU
	EndGlobalSection
	GlobalSection(SolutionProperties) = preSolution
		HideSolutionNode = FALSE
	EndGlobalSection
EndGlobal
